{
  "name": "webcardgame",
  "version": "0.0.1",
  "lockfileVersion": 3,
  "requires": true,
  "packages": {
    "": {
      "name": "webcardgame",
      "version": "0.0.1",
      "license": "ISC",
      "dependencies": {
        "@types/requirejs": "^2.1.35"
      }
    },
    "node_modules/@types/requirejs": {
      "version": "2.1.35",
      "resolved": "https://registry.npmjs.org/@types/requirejs/-/requirejs-2.1.35.tgz",
      "integrity": "sha512-2ajrOUwf3b0rJ/lPE3XxAJrtOVel6YHptgLgr7A9TUlYcKqtoNYR1XmG/sFidM0yWcdg20A1iJu1viOM10N3fg=="
    }
  }
}
